{
  "version": 4,
  "terraform_version": "1.5.7",
  "serial": 11,
  "lineage": "595ecdf8-c05f-f0bc-e596-aedcb08f6698",
  "outputs": {
    "vpn_connection_name": {
      "value": "az104-s2s-connection",
      "type": "string"
    },
    "vpn_gateway_name": {
      "value": "az104-vpn-gateway",
      "type": "string"
    }
  },
  "resources": [
    {
      "mode": "managed",
      "type": "azapi_resource",
      "name": "allow_public_ip_for_vpn",
      "provider": "provider[\"registry.terraform.io/azure/azapi\"]",
      "instances": [
        {
          "schema_version": 1,
          "attributes": {
            "body": {
              "value": "{\"properties\":{\"displayName\":\"Allow Public IP for VPN Lab\",\"exemptionCategory\":\"Waiver\",\"policyAssignmentId\":\"/subscriptions/14e7e7e4-177b-4446-9acb-ce63ab09c3e0/providers/Microsoft.Authorization/policyAssignments/deny-public-ip-assignment\"}}",
              "type": "string"
            },
            "id": "/subscriptions/14e7e7e4-177b-4446-9acb-ce63ab09c3e0/resourceGroups/rg-az104-intersite/providers/Microsoft.Authorization/policyExemptions/allow-public-ip-for-vpn",
            "identity": [],
            "ignore_body_changes": null,
            "ignore_casing": false,
            "ignore_missing_property": true,
            "location": null,
            "locks": null,
            "name": "allow-public-ip-for-vpn",
            "output": {
              "value": "{}",
              "type": "string"
            },
            "parent_id": "/subscriptions/14e7e7e4-177b-4446-9acb-ce63ab09c3e0/resourceGroups/rg-az104-intersite",
            "removing_special_chars": false,
            "response_export_values": null,
            "schema_validation_enabled": true,
            "tags": null,
            "timeouts": null,
            "type": "Microsoft.Authorization/policyExemptions@2022-07-01-preview"
          },
          "sensitive_attributes": []
        }
      ]
    },
    {
      "mode": "managed",
      "type": "azurerm_local_network_gateway",
      "name": "onprem",
      "provider": "provider[\"registry.terraform.io/hashicorp/azurerm\"]",
      "instances": [
        {
          "schema_version": 0,
          "attributes": {
            "address_space": [
              "192.168.1.0/24"
            ],
            "bgp_settings": [],
            "gateway_address": "203.0.113.1",
            "gateway_fqdn": "",
            "id": "/subscriptions/14e7e7e4-177b-4446-9acb-ce63ab09c3e0/resourceGroups/rg-az104-intersite/providers/Microsoft.Network/localNetworkGateways/az104-onprem-gateway",
            "location": "eastus",
            "name": "az104-onprem-gateway",
            "resource_group_name": "rg-az104-intersite",
            "tags": {},
            "timeouts": null
          },
          "sensitive_attributes": [],
          "private": "eyJlMmJmYjczMC1lY2FhLTExZTYtOGY4OC0zNDM2M2JjN2M0YzAiOnsiY3JlYXRlIjoxODAwMDAwMDAwMDAwLCJkZWxldGUiOjE4MDAwMDAwMDAwMDAsInJlYWQiOjMwMDAwMDAwMDAwMCwidXBkYXRlIjoxODAwMDAwMDAwMDAwfX0=",
          "dependencies": [
            "azurerm_resource_group.vpn_rg"
          ]
        }
      ]
    },
    {
      "mode": "managed",
      "type": "azurerm_resource_group",
      "name": "vpn_rg",
      "provider": "provider[\"registry.terraform.io/hashicorp/azurerm\"]",
      "instances": [
        {
          "schema_version": 0,
          "attributes": {
            "id": "/subscriptions/14e7e7e4-177b-4446-9acb-ce63ab09c3e0/resourceGroups/rg-az104-intersite",
            "location": "eastus",
            "managed_by": "",
            "name": "rg-az104-intersite",
            "tags": {},
            "timeouts": null
          },
          "sensitive_attributes": [],
          "private": "eyJlMmJmYjczMC1lY2FhLTExZTYtOGY4OC0zNDM2M2JjN2M0YzAiOnsiY3JlYXRlIjo1NDAwMDAwMDAwMDAwLCJkZWxldGUiOjU0MDAwMDAwMDAwMDAsInJlYWQiOjMwMDAwMDAwMDAwMCwidXBkYXRlIjo1NDAwMDAwMDAwMDAwfX0="
        }
      ]
    },
    {
      "mode": "managed",
      "type": "azurerm_subnet",
      "name": "gateway_subnet",
      "provider": "provider[\"registry.terraform.io/hashicorp/azurerm\"]",
      "instances": [
        {
          "schema_version": 0,
          "attributes": {
            "address_prefixes": [
              "10.10.255.0/27"
            ],
            "default_outbound_access_enabled": true,
            "delegation": [],
            "id": "/subscriptions/14e7e7e4-177b-4446-9acb-ce63ab09c3e0/resourceGroups/rg-az104-intersite/providers/Microsoft.Network/virtualNetworks/az104-vpn-vnet/subnets/GatewaySubnet",
            "ip_address_pool": [],
            "name": "GatewaySubnet",
            "private_endpoint_network_policies": "Disabled",
            "private_link_service_network_policies_enabled": true,
            "resource_group_name": "rg-az104-intersite",
            "service_endpoint_policy_ids": [],
            "service_endpoints": [],
            "sharing_scope": "",
            "timeouts": null,
            "virtual_network_name": "az104-vpn-vnet"
          },
          "sensitive_attributes": [],
          "private": "eyJlMmJmYjczMC1lY2FhLTExZTYtOGY4OC0zNDM2M2JjN2M0YzAiOnsiY3JlYXRlIjoxODAwMDAwMDAwMDAwLCJkZWxldGUiOjE4MDAwMDAwMDAwMDAsInJlYWQiOjMwMDAwMDAwMDAwMCwidXBkYXRlIjoxODAwMDAwMDAwMDAwfX0=",
          "dependencies": [
            "azurerm_resource_group.vpn_rg",
            "azurerm_virtual_network.vpn_vnet"
          ]
        }
      ]
    },
    {
      "mode": "managed",
      "type": "azurerm_virtual_network",
      "name": "vpn_vnet",
      "provider": "provider[\"registry.terraform.io/hashicorp/azurerm\"]",
      "instances": [
        {
          "schema_version": 0,
          "attributes": {
            "address_space": [
              "10.10.0.0/16"
            ],
            "bgp_community": "",
            "ddos_protection_plan": [],
            "dns_servers": [],
            "edge_zone": "",
            "encryption": [],
            "flow_timeout_in_minutes": 0,
            "guid": "8bf55eef-6c0c-4478-a916-63406aeded63",
            "id": "/subscriptions/14e7e7e4-177b-4446-9acb-ce63ab09c3e0/resourceGroups/rg-az104-intersite/providers/Microsoft.Network/virtualNetworks/az104-vpn-vnet",
            "ip_address_pool": [],
            "location": "eastus",
            "name": "az104-vpn-vnet",
            "private_endpoint_vnet_policies": "Disabled",
            "resource_group_name": "rg-az104-intersite",
            "subnet": [
              {
                "address_prefixes": [
                  "10.10.255.0/27"
                ],
                "default_outbound_access_enabled": true,
                "delegation": [],
                "id": "/subscriptions/14e7e7e4-177b-4446-9acb-ce63ab09c3e0/resourceGroups/rg-az104-intersite/providers/Microsoft.Network/virtualNetworks/az104-vpn-vnet/subnets/GatewaySubnet",
                "name": "GatewaySubnet",
                "private_endpoint_network_policies": "Disabled",
                "private_link_service_network_policies_enabled": true,
                "route_table_id": "",
                "security_group": "",
                "service_endpoint_policy_ids": [],
                "service_endpoints": []
              }
            ],
            "tags": {},
            "timeouts": null
          },
          "sensitive_attributes": [],
          "private": "eyJlMmJmYjczMC1lY2FhLTExZTYtOGY4OC0zNDM2M2JjN2M0YzAiOnsiY3JlYXRlIjoxODAwMDAwMDAwMDAwLCJkZWxldGUiOjE4MDAwMDAwMDAwMDAsInJlYWQiOjMwMDAwMDAwMDAwMCwidXBkYXRlIjoxODAwMDAwMDAwMDAwfX0=",
          "dependencies": [
            "azurerm_resource_group.vpn_rg"
          ]
        }
      ]
    },
    {
      "mode": "managed",
      "type": "azurerm_virtual_network_gateway",
      "name": "vpn_gateway",
      "provider": "provider[\"registry.terraform.io/hashicorp/azurerm\"]",
      "instances": []
    },
    {
      "mode": "managed",
      "type": "azurerm_virtual_network_gateway_connection",
      "name": "s2s_connection",
      "provider": "provider[\"registry.terraform.io/hashicorp/azurerm\"]",
      "instances": []
    }
  ],
  "check_results": null
}
